
Microsoft Visual Studio Solution File, Format Version 12.00
# Visual Studio Version 17
VisualStudioVersion = 17.4.33205.214
MinimumVisualStudioVersion = 10.0.40219.1
Project("{8BC9CEB8-8B4A-11D0-8D11-00A0C91BC942}") = "J. Multiples", "J. Multiples\J. Multiples.vcxproj", "{22745903-FAC8-4298-A1AC-1ACA20A3D164}"
EndProject
Global
	GlobalSection(SolutionConfigurationPlatforms) = preSolution
		Debug|x64 = Debug|x64
		Debug|x86 = Debug|x86
		Release|x64 = Release|x64
		Release|x86 = Release|x86
	EndGlobalSection
	GlobalSection(ProjectConfigurationPlatforms) = postSolution
		{22745903-FAC8-4298-A1AC-1ACA20A3D164}.Debug|x64.ActiveCfg = Debug|x64
		{22745903-FAC8-4298-A1AC-1ACA20A3D164}.Debug|x64.Build.0 = Debug|x64
		{22745903-FAC8-4298-A1AC-1ACA20A3D164}.Debug|x86.ActiveCfg = Debug|Win32
		{22745903-FAC8-4298-A1AC-1ACA20A3D164}.Debug|x86.Build.0 = Debug|Win32
		{22745903-FAC8-4298-A1AC-1ACA20A3D164}.Release|x64.ActiveCfg = Release|x64
		{22745903-FAC8-4298-A1AC-1ACA20A3D164}.Release|x64.Build.0 = Release|x64
		{22745903-FAC8-4298-A1AC-1ACA20A3D164}.Release|x86.ActiveCfg = Release|Win32
		{22745903-FAC8-4298-A1AC-1ACA20A3D164}.Release|x86.Build.0 = Release|Win32
	EndGlobalSection
	GlobalSection(SolutionProperties) = preSolution
		HideSolutionNode = FALSE
	EndGlobalSection
	GlobalSection(ExtensibilityGlobals) = postSolution
		SolutionGuid = {56331602-856B-4329-900C-367E185ACD92}
	EndGlobalSection
EndGlobal
