
Microsoft Visual Studio Solution File, Format Version 12.00
# Visual Studio Version 17
VisualStudioVersion = 17.4.33205.214
MinimumVisualStudioVersion = 10.0.40219.1
Project("{8BC9CEB8-8B4A-11D0-8D11-00A0C91BC942}") = "U. Float or int", "U. Float or int\U. Float or int.vcxproj", "{009E3F3C-95FE-432F-8A20-72CDADE01D3B}"
EndProject
Global
	GlobalSection(SolutionConfigurationPlatforms) = preSolution
		Debug|x64 = Debug|x64
		Debug|x86 = Debug|x86
		Release|x64 = Release|x64
		Release|x86 = Release|x86
	EndGlobalSection
	GlobalSection(ProjectConfigurationPlatforms) = postSolution
		{009E3F3C-95FE-432F-8A20-72CDADE01D3B}.Debug|x64.ActiveCfg = Debug|x64
		{009E3F3C-95FE-432F-8A20-72CDADE01D3B}.Debug|x64.Build.0 = Debug|x64
		{009E3F3C-95FE-432F-8A20-72CDADE01D3B}.Debug|x86.ActiveCfg = Debug|Win32
		{009E3F3C-95FE-432F-8A20-72CDADE01D3B}.Debug|x86.Build.0 = Debug|Win32
		{009E3F3C-95FE-432F-8A20-72CDADE01D3B}.Release|x64.ActiveCfg = Release|x64
		{009E3F3C-95FE-432F-8A20-72CDADE01D3B}.Release|x64.Build.0 = Release|x64
		{009E3F3C-95FE-432F-8A20-72CDADE01D3B}.Release|x86.ActiveCfg = Release|Win32
		{009E3F3C-95FE-432F-8A20-72CDADE01D3B}.Release|x86.Build.0 = Release|Win32
	EndGlobalSection
	GlobalSection(SolutionProperties) = preSolution
		HideSolutionNode = FALSE
	EndGlobalSection
	GlobalSection(ExtensibilityGlobals) = postSolution
		SolutionGuid = {B4EEC8B7-C45A-40A4-9521-C4840F17BCB2}
	EndGlobalSection
EndGlobal
